
Microsoft Visual Studio Solution File, Format Version 12.00
# Visual Studio Version 16
VisualStudioVersion = 16.0.31515.178
MinimumVisualStudioVersion = 10.0.40219.1
Project("{9A19103F-16F7-4668-BE54-9A1E7A4F7556}") = "AgGridDynamicFilter", "src\AgGridDynamicFilter\AgGridDynamicFilter.csproj", "{53C37F72-BED5-4283-93A9-543C31949082}"
EndProject
Project("{FAE04EC0-301F-11D3-BF4B-00C04F79EFBC}") = "AgGridDynamicFilter.Test", "src\AgGridDynamicFilter.Test\AgGridDynamicFilter.Test.csproj", "{A992BCA5-BEA1-4BD7-A750-C901C6171CB3}"
EndProject
Project("{FAE04EC0-301F-11D3-BF4B-00C04F79EFBC}") = "AgGridDynamicFilter.SampleData", "src\AgGridDynamicFilter.SampleData\AgGridDynamicFilter.SampleData.csproj", "{EAC37063-0E48-4C75-9F6E-1DC81C05DB50}"
EndProject
Global
	GlobalSection(SolutionConfigurationPlatforms) = preSolution
		Debug|Any CPU = Debug|Any CPU
		Release|Any CPU = Release|Any CPU
	EndGlobalSection
	GlobalSection(ProjectConfigurationPlatforms) = postSolution
		{53C37F72-BED5-4283-93A9-543C31949082}.Debug|Any CPU.ActiveCfg = Debug|Any CPU
		{53C37F72-BED5-4283-93A9-543C31949082}.Debug|Any CPU.Build.0 = Debug|Any CPU
		{53C37F72-BED5-4283-93A9-543C31949082}.Release|Any CPU.ActiveCfg = Release|Any CPU
		{53C37F72-BED5-4283-93A9-543C31949082}.Release|Any CPU.Build.0 = Release|Any CPU
		{A992BCA5-BEA1-4BD7-A750-C901C6171CB3}.Debug|Any CPU.ActiveCfg = Debug|Any CPU
		{A992BCA5-BEA1-4BD7-A750-C901C6171CB3}.Debug|Any CPU.Build.0 = Debug|Any CPU
		{A992BCA5-BEA1-4BD7-A750-C901C6171CB3}.Release|Any CPU.ActiveCfg = Release|Any CPU
		{A992BCA5-BEA1-4BD7-A750-C901C6171CB3}.Release|Any CPU.Build.0 = Release|Any CPU
		{EAC37063-0E48-4C75-9F6E-1DC81C05DB50}.Debug|Any CPU.ActiveCfg = Debug|Any CPU
		{EAC37063-0E48-4C75-9F6E-1DC81C05DB50}.Debug|Any CPU.Build.0 = Debug|Any CPU
		{EAC37063-0E48-4C75-9F6E-1DC81C05DB50}.Release|Any CPU.ActiveCfg = Release|Any CPU
		{EAC37063-0E48-4C75-9F6E-1DC81C05DB50}.Release|Any CPU.Build.0 = Release|Any CPU
	EndGlobalSection
	GlobalSection(SolutionProperties) = preSolution
		HideSolutionNode = FALSE
	EndGlobalSection
	GlobalSection(ExtensibilityGlobals) = postSolution
		SolutionGuid = {EE291FF0-B5F4-49A8-B4A3-A3E88D340F1E}
	EndGlobalSection
EndGlobal
